
Microsoft Visual Studio Solution File, Format Version 12.00
# Visual Studio Version 17
VisualStudioVersion = 17.0.31903.59
MinimumVisualStudioVersion = 10.0.40219.1
Project("{9A19103F-16F7-4668-BE54-9A1E7A4F7556}") = "TheUniversity", "TheUniversity\TheUniversity.csproj", "{C2B6ED41-93E6-466A-AE72-DEB3CD444296}"
EndProject
Project("{9A19103F-16F7-4668-BE54-9A1E7A4F7556}") = "TheUniversity.Sandbox", "TheUniversity.Sandbox\TheUniversity.Sandbox.csproj", "{FC62A492-C2EC-4BA4-A223-EC8BA56179E7}"
EndProject
Global
	GlobalSection(SolutionConfigurationPlatforms) = preSolution
		Debug|Any CPU = Debug|Any CPU
		Release|Any CPU = Release|Any CPU
	EndGlobalSection
	GlobalSection(ProjectConfigurationPlatforms) = postSolution
		{C2B6ED41-93E6-466A-AE72-DEB3CD444296}.Debug|Any CPU.ActiveCfg = Debug|Any CPU
		{C2B6ED41-93E6-466A-AE72-DEB3CD444296}.Debug|Any CPU.Build.0 = Debug|Any CPU
		{C2B6ED41-93E6-466A-AE72-DEB3CD444296}.Release|Any CPU.ActiveCfg = Release|Any CPU
		{C2B6ED41-93E6-466A-AE72-DEB3CD444296}.Release|Any CPU.Build.0 = Release|Any CPU
		{FC62A492-C2EC-4BA4-A223-EC8BA56179E7}.Debug|Any CPU.ActiveCfg = Debug|Any CPU
		{FC62A492-C2EC-4BA4-A223-EC8BA56179E7}.Debug|Any CPU.Build.0 = Debug|Any CPU
		{FC62A492-C2EC-4BA4-A223-EC8BA56179E7}.Release|Any CPU.ActiveCfg = Release|Any CPU
		{FC62A492-C2EC-4BA4-A223-EC8BA56179E7}.Release|Any CPU.Build.0 = Release|Any CPU
	EndGlobalSection
	GlobalSection(SolutionProperties) = preSolution
		HideSolutionNode = FALSE
	EndGlobalSection
	GlobalSection(ExtensibilityGlobals) = postSolution
		SolutionGuid = {66484187-EAB2-48D3-B2EC-6F7F20454C63}
	EndGlobalSection
EndGlobal
